<?xml version="1.0" encoding="utf-8"?>
<Project ToolsVersion="4.0" xmlns="http://schemas.microsoft.com/developer/msbuild/2003">
  <ItemGroup>
    <Filter Include="Исходные файлы">
      <UniqueIdentifier>{4FC737F1-C7A5-4376-A066-2A32D752A2FF}</UniqueIdentifier>
      <Extensions>cpp;c;cc;cxx;c++;cppm;ixx;def;odl;idl;hpj;bat;asm;asmx</Extensions>
    </Filter>
    <Filter Include="Файлы заголовков">
      <UniqueIdentifier>{93995380-89BD-4b04-88EB-625FBE52EBFB}</UniqueIdentifier>
      <Extensions>h;hh;hpp;hxx;h++;hm;inl;inc;ipp;xsd</Extensions>
    </Filter>
    <Filter Include="Файлы ресурсов">
      <UniqueIdentifier>{67DA6AB6-F800-4c08-8B7A-83BB121AAD01}</UniqueIdentifier>
      <Extensions>rc;ico;cur;bmp;dlg;rc2;rct;bin;rgs;gif;jpg;jpeg;jpe;resx;tiff;tif;png;wav;mfcribbon-ms</Extensions>
    </Filter>
  </ItemGroup>
  <ItemGroup>
    <ClCompile Include="..\..\src\lundump.c">
      <Filter>Исходные файлы</Filter>
    </ClCompile>
    <ClCompile Include="..\..\src\luac\print.c">
      <Filter>Исходные файлы</Filter>
    </ClCompile>
    <ClCompile Include="..\..\src\lib\loadlib.c">
      <Filter>Исходные файлы</Filter>
    </ClCompile>
    <ClCompile Include="..\..\src\lapi.c">
      <Filter>Исходные файлы</Filter>
    </ClCompile>
    <ClCompile Include="..\..\src\lib\lauxlib.c">
      <Filter>Исходные файлы</Filter>
    </ClCompile>
    <ClCompile Include="..\..\src\ltests.c">
      <Filter>Исходные файлы</Filter>
    </ClCompile>
    <ClCompile Include="..\..\src\lib\lbaselib.c">
      <Filter>Исходные файлы</Filter>
    </ClCompile>
    <ClCompile Include="..\..\src\lcode.c">
      <Filter>Исходные файлы</Filter>
    </ClCompile>
    <ClCompile Include="..\..\src\lib\ldblib.c">
      <Filter>Исходные файлы</Filter>
    </ClCompile>
    <ClCompile Include="..\..\src\ldo.c">
      <Filter>Исходные файлы</Filter>
    </ClCompile>
    <ClCompile Include="..\..\src\lgc.c">
      <Filter>Исходные файлы</Filter>
    </ClCompile>
    <ClCompile Include="..\..\src\lobject.c">
      <Filter>Исходные файлы</Filter>
    </ClCompile>
    <ClCompile Include="..\..\src\lparser.c">
      <Filter>Исходные файлы</Filter>
    </ClCompile>
    <ClCompile Include="..\..\src\lstate.c">
      <Filter>Исходные файлы</Filter>
    </ClCompile>
    <ClCompile Include="..\..\src\lib\lstrlib.c">
      <Filter>Исходные файлы</Filter>
    </ClCompile>
    <ClCompile Include="..\..\src\ltable.c">
      <Filter>Исходные файлы</Filter>
    </ClCompile>
    <ClCompile Include="..\..\src\lib\ltablib.c">
      <Filter>Исходные файлы</Filter>
    </ClCompile>
    <ClCompile Include="..\..\src\ltm.c">
      <Filter>Исходные файлы</Filter>
    </ClCompile>
    <ClCompile Include="..\..\src\lvm.c">
      <Filter>Исходные файлы</Filter>
    </ClCompile>
    <ClCompile Include="..\..\src\llex.c">
      <Filter>Исходные файлы</Filter>
    </ClCompile>
    <ClCompile Include="..\..\src\lzio.c">
      <Filter>Исходные файлы</Filter>
    </ClCompile>
    <ClCompile Include="..\..\src\ldebug.c">
      <Filter>Исходные файлы</Filter>
    </ClCompile>
    <ClCompile Include="..\..\src\lib\liolib.c">
      <Filter>Исходные файлы</Filter>
    </ClCompile>
    <ClCompile Include="..\..\src\lfunc.c">
      <Filter>Исходные файлы</Filter>
    </ClCompile>
    <ClCompile Include="..\..\src\lib\lmathlib.c">
      <Filter>Исходные файлы</Filter>
    </ClCompile>
    <ClCompile Include="..\..\src\ldump.c">
      <Filter>Исходные файлы</Filter>
    </ClCompile>
    <ClCompile Include="..\..\src\lmem.c">
      <Filter>Исходные файлы</Filter>
    </ClCompile>
    <ClCompile Include="..\..\src\lopcodes.c">
      <Filter>Исходные файлы</Filter>
    </ClCompile>
    <ClCompile Include="..\..\src\lstring.c">
      <Filter>Исходные файлы</Filter>
    </ClCompile>
  </ItemGroup>
</Project>