<?xml version="1.0" encoding="utf-8"?>
<Project ToolsVersion="4.0" xmlns="http://schemas.microsoft.com/developer/msbuild/2003">
  <ItemGroup>
    <Filter Include="Kernel">
      <UniqueIdentifier>{405b57db-278b-4f3f-83d4-84fe5d0a74c3}</UniqueIdentifier>
    </Filter>
    <Filter Include="Core">
      <UniqueIdentifier>{6724c7b2-7710-4523-89f1-5d5217dea318}</UniqueIdentifier>
    </Filter>
    <Filter Include="Details">
      <UniqueIdentifier>{d728e393-1a8c-4d9f-9abb-7ddb5ec86d87}</UniqueIdentifier>
    </Filter>
    <Filter Include="Stripifier">
      <UniqueIdentifier>{8ed18e6e-98e5-4864-9b8b-76a5cae68b4b}</UniqueIdentifier>
    </Filter>
    <Filter Include="Glows">
      <UniqueIdentifier>{ac93461d-5f98-4742-8d59-2e03e2efc593}</UniqueIdentifier>
    </Filter>
    <Filter Include="Wallmarks">
      <UniqueIdentifier>{75cf6502-0cba-4424-ae4c-27756100073c}</UniqueIdentifier>
    </Filter>
    <Filter Include="Shading templates">
      <UniqueIdentifier>{9c3cbb07-81eb-4fe9-9d48-8476e1840ded}</UniqueIdentifier>
    </Filter>
    <Filter Include="Models">
      <UniqueIdentifier>{7d7c69d9-dddc-4770-8099-32fe4a34247a}</UniqueIdentifier>
    </Filter>
    <Filter Include="Models\Visuals">
      <UniqueIdentifier>{525551b1-1dc8-4050-8acd-b462cd16661e}</UniqueIdentifier>
    </Filter>
    <Filter Include="Visibility">
      <UniqueIdentifier>{f4c4a01f-949a-4b63-b83e-8ba847ff3e7f}</UniqueIdentifier>
    </Filter>
    <Filter Include="Visibility\Sector/Portal">
      <UniqueIdentifier>{a4533ce1-bcc8-479d-9969-fc170faddf6e}</UniqueIdentifier>
    </Filter>
    <Filter Include="Visibility\HOM Occlusion">
      <UniqueIdentifier>{c86f0130-7110-41f0-bc07-d52b57f8b069}</UniqueIdentifier>
    </Filter>
    <Filter Include="Lights">
      <UniqueIdentifier>{6d49fcc1-c14f-46f1-9f19-60b2a559a1b7}</UniqueIdentifier>
    </Filter>
  </ItemGroup>
  <ItemGroup>
    <ClInclude Include="cl_intersect.h">
      <Filter>Kernel</Filter>
    </ClInclude>
    <ClInclude Include="stdafx.h">
      <Filter>Kernel</Filter>
    </ClInclude>
    <ClInclude Include="xrRender_console.h">
      <Filter>Kernel</Filter>
    </ClInclude>
    <ClInclude Include="FStaticRender.h">
      <Filter>Core</Filter>
    </ClInclude>
    <ClInclude Include="FStaticRender_RenderTarget.h">
      <Filter>Core</Filter>
    </ClInclude>
    <ClInclude Include="PSLibrary.h">
      <Filter>Core</Filter>
    </ClInclude>
    <ClInclude Include="r__dsgraph_structure.h">
      <Filter>Core</Filter>
    </ClInclude>
    <ClInclude Include="r__dsgraph_types.h">
      <Filter>Core</Filter>
    </ClInclude>
    <ClInclude Include="r__occlusion.h">
      <Filter>Core</Filter>
    </ClInclude>
    <ClInclude Include="DetailFormat.h">
      <Filter>Details</Filter>
    </ClInclude>
    <ClInclude Include="DetailManager.h">
      <Filter>Details</Filter>
    </ClInclude>
    <ClInclude Include="DetailModel.h">
      <Filter>Details</Filter>
    </ClInclude>
    <ClInclude Include="NvTriStrip.h">
      <Filter>Stripifier</Filter>
    </ClInclude>
    <ClInclude Include="NvTriStripObjects.h">
      <Filter>Stripifier</Filter>
    </ClInclude>
    <ClInclude Include="VertexCache.h">
      <Filter>Stripifier</Filter>
    </ClInclude>
    <ClInclude Include="xrStripify.h">
      <Filter>Stripifier</Filter>
    </ClInclude>
    <ClInclude Include="GlowManager.h">
      <Filter>Glows</Filter>
    </ClInclude>
    <ClInclude Include="WallmarksEngine.h">
      <Filter>Wallmarks</Filter>
    </ClInclude>
    <ClInclude Include="Blender_Blur.h">
      <Filter>Shading templates</Filter>
    </ClInclude>
    <ClInclude Include="Blender_BmmD.h">
      <Filter>Shading templates</Filter>
    </ClInclude>
    <ClInclude Include="Blender_default_aref.h">
      <Filter>Shading templates</Filter>
    </ClInclude>
    <ClInclude Include="Blender_detail_still.h">
      <Filter>Shading templates</Filter>
    </ClInclude>
    <ClInclude Include="Blender_Editor_Selection.h">
      <Filter>Shading templates</Filter>
    </ClInclude>
    <ClInclude Include="Blender_Editor_Wire.h">
      <Filter>Shading templates</Filter>
    </ClInclude>
    <ClInclude Include="Blender_LaEmB.h">
      <Filter>Shading templates</Filter>
    </ClInclude>
    <ClInclude Include="Blender_Lm(EbB).h">
      <Filter>Shading templates</Filter>
    </ClInclude>
    <ClInclude Include="Blender_Model.h">
      <Filter>Shading templates</Filter>
    </ClInclude>
    <ClInclude Include="Blender_Model_EbB.h">
      <Filter>Shading templates</Filter>
    </ClInclude>
    <ClInclude Include="Blender_Particle.h">
      <Filter>Shading templates</Filter>
    </ClInclude>
    <ClInclude Include="Blender_Screen_GRAY.h">
      <Filter>Shading templates</Filter>
    </ClInclude>
    <ClInclude Include="Blender_Screen_SET.h">
      <Filter>Shading templates</Filter>
    </ClInclude>
    <ClInclude Include="Blender_Shadow_World.h">
      <Filter>Shading templates</Filter>
    </ClInclude>
    <ClInclude Include="Blender_tree.h">
      <Filter>Shading templates</Filter>
    </ClInclude>
    <ClInclude Include="Blender_Vertex.h">
      <Filter>Shading templates</Filter>
    </ClInclude>
    <ClInclude Include="Blender_Vertex_aref.h">
      <Filter>Shading templates</Filter>
    </ClInclude>
    <ClInclude Include="BlenderDefault.h">
      <Filter>Shading templates</Filter>
    </ClInclude>
    <ClInclude Include="ModelPool.h">
      <Filter>Models</Filter>
    </ClInclude>
    <ClInclude Include="FLOD.h">
      <Filter>Models\Visuals</Filter>
    </ClInclude>
    <ClInclude Include="FProgressive.h">
      <Filter>Models\Visuals</Filter>
    </ClInclude>
    <ClInclude Include="FSkinned.h">
      <Filter>Models\Visuals</Filter>
    </ClInclude>
    <ClInclude Include="FTreeVisual.h">
      <Filter>Models\Visuals</Filter>
    </ClInclude>
    <ClInclude Include="FVisual.h">
      <Filter>Models\Visuals</Filter>
    </ClInclude>
    <ClInclude Include="ParticleEffect.h">
      <Filter>Models\Visuals</Filter>
    </ClInclude>
    <ClInclude Include="ParticleEffectDef.h">
      <Filter>Models\Visuals</Filter>
    </ClInclude>
    <ClInclude Include="ParticleGroup.h">
      <Filter>Models\Visuals</Filter>
    </ClInclude>
    <ClInclude Include="r__sector.h">
      <Filter>Visibility\Sector/Portal</Filter>
    </ClInclude>
    <ClInclude Include="HOM.h">
      <Filter>Visibility\HOM Occlusion</Filter>
    </ClInclude>
    <ClInclude Include="occRasterizer.h">
      <Filter>Visibility\HOM Occlusion</Filter>
    </ClInclude>
    <ClInclude Include="light.h">
      <Filter>Lights</Filter>
    </ClInclude>
    <ClInclude Include="Light_DB.h">
      <Filter>Lights</Filter>
    </ClInclude>
    <ClInclude Include="Light_Package.h">
      <Filter>Lights</Filter>
    </ClInclude>
    <ClInclude Include="LightPPA.h">
      <Filter>Lights</Filter>
    </ClInclude>
    <ClInclude Include="LightProjector.h">
      <Filter>Lights</Filter>
    </ClInclude>
    <ClInclude Include="LightShadows.h">
      <Filter>Lights</Filter>
    </ClInclude>
    <ClInclude Include="LightTrack.h">
      <Filter>Lights</Filter>
    </ClInclude>
  </ItemGroup>
  <ItemGroup>
    <ClCompile Include="stdafx.cpp">
      <Filter>Kernel</Filter>
    </ClCompile>
    <ClCompile Include="xrRender_console.cpp">
      <Filter>Kernel</Filter>
    </ClCompile>
    <ClCompile Include="xrRender_R1.cpp">
      <Filter>Kernel</Filter>
    </ClCompile>
    <ClCompile Include="FStaticRender.cpp">
      <Filter>Core</Filter>
    </ClCompile>
    <ClCompile Include="FStaticRender_Blenders.cpp">
      <Filter>Core</Filter>
    </ClCompile>
    <ClCompile Include="FStaticRender_DetectSector.cpp">
      <Filter>Core</Filter>
    </ClCompile>
    <ClCompile Include="FStaticRender_Loader.cpp">
      <Filter>Core</Filter>
    </ClCompile>
    <ClCompile Include="FStaticRender_RenderTarget.cpp">
      <Filter>Core</Filter>
    </ClCompile>
    <ClCompile Include="PSLibrary.cpp">
      <Filter>Core</Filter>
    </ClCompile>
    <ClCompile Include="r__dsgraph_build.cpp">
      <Filter>Core</Filter>
    </ClCompile>
    <ClCompile Include="r__dsgraph_render.cpp">
      <Filter>Core</Filter>
    </ClCompile>
    <ClCompile Include="r__dsgraph_render_lods.cpp">
      <Filter>Core</Filter>
    </ClCompile>
    <ClCompile Include="r__occlusion.cpp">
      <Filter>Core</Filter>
    </ClCompile>
    <ClCompile Include="r__screenshot.cpp">
      <Filter>Core</Filter>
    </ClCompile>
    <ClCompile Include="Texture.cpp">
      <Filter>Core</Filter>
    </ClCompile>
    <ClCompile Include="DetailManager.cpp">
      <Filter>Details</Filter>
    </ClCompile>
    <ClCompile Include="DetailManager_CACHE.cpp">
      <Filter>Details</Filter>
    </ClCompile>
    <ClCompile Include="DetailManager_Decompress.cpp">
      <Filter>Details</Filter>
    </ClCompile>
    <ClCompile Include="DetailManager_soft.cpp">
      <Filter>Details</Filter>
    </ClCompile>
    <ClCompile Include="DetailManager_VS.cpp">
      <Filter>Details</Filter>
    </ClCompile>
    <ClCompile Include="DetailModel.cpp">
      <Filter>Details</Filter>
    </ClCompile>
    <ClCompile Include="NvTriStrip.cpp">
      <Filter>Stripifier</Filter>
    </ClCompile>
    <ClCompile Include="NvTriStripObjects.cpp">
      <Filter>Stripifier</Filter>
    </ClCompile>
    <ClCompile Include="VertexCache.cpp">
      <Filter>Stripifier</Filter>
    </ClCompile>
    <ClCompile Include="xrStripify.cpp">
      <Filter>Stripifier</Filter>
    </ClCompile>
    <ClCompile Include="GlowManager.cpp">
      <Filter>Glows</Filter>
    </ClCompile>
    <ClCompile Include="WallmarksEngine.cpp">
      <Filter>Wallmarks</Filter>
    </ClCompile>
    <ClCompile Include="Blender_Blur.cpp">
      <Filter>Shading templates</Filter>
    </ClCompile>
    <ClCompile Include="Blender_BmmD.cpp">
      <Filter>Shading templates</Filter>
    </ClCompile>
    <ClCompile Include="Blender_default_aref.cpp">
      <Filter>Shading templates</Filter>
    </ClCompile>
    <ClCompile Include="Blender_detail_still.cpp">
      <Filter>Shading templates</Filter>
    </ClCompile>
    <ClCompile Include="Blender_Editor_Selection.cpp">
      <Filter>Shading templates</Filter>
    </ClCompile>
    <ClCompile Include="Blender_Editor_Wire.cpp">
      <Filter>Shading templates</Filter>
    </ClCompile>
    <ClCompile Include="Blender_LaEmB.cpp">
      <Filter>Shading templates</Filter>
    </ClCompile>
    <ClCompile Include="Blender_Lm(EbB).cpp">
      <Filter>Shading templates</Filter>
    </ClCompile>
    <ClCompile Include="Blender_Model.cpp">
      <Filter>Shading templates</Filter>
    </ClCompile>
    <ClCompile Include="Blender_Model_EbB.cpp">
      <Filter>Shading templates</Filter>
    </ClCompile>
    <ClCompile Include="Blender_Particle.cpp">
      <Filter>Shading templates</Filter>
    </ClCompile>
    <ClCompile Include="Blender_Screen_GRAY.cpp">
      <Filter>Shading templates</Filter>
    </ClCompile>
    <ClCompile Include="Blender_Screen_SET.cpp">
      <Filter>Shading templates</Filter>
    </ClCompile>
    <ClCompile Include="Blender_Shadow_World.cpp">
      <Filter>Shading templates</Filter>
    </ClCompile>
    <ClCompile Include="Blender_tree.cpp">
      <Filter>Shading templates</Filter>
    </ClCompile>
    <ClCompile Include="Blender_Vertex.cpp">
      <Filter>Shading templates</Filter>
    </ClCompile>
    <ClCompile Include="Blender_Vertex_aref.cpp">
      <Filter>Shading templates</Filter>
    </ClCompile>
    <ClCompile Include="BlenderDefault.cpp">
      <Filter>Shading templates</Filter>
    </ClCompile>
    <ClCompile Include="ModelPool.cpp">
      <Filter>Models</Filter>
    </ClCompile>
    <ClCompile Include="FLOD.cpp">
      <Filter>Models\Visuals</Filter>
    </ClCompile>
    <ClCompile Include="FProgressive.cpp">
      <Filter>Models\Visuals</Filter>
    </ClCompile>
    <ClCompile Include="FSkinned.cpp">
      <Filter>Models\Visuals</Filter>
    </ClCompile>
    <ClCompile Include="FTreeVisual.cpp">
      <Filter>Models\Visuals</Filter>
    </ClCompile>
    <ClCompile Include="FVisual.cpp">
      <Filter>Models\Visuals</Filter>
    </ClCompile>
    <ClCompile Include="ParticleEffect.cpp">
      <Filter>Models\Visuals</Filter>
    </ClCompile>
    <ClCompile Include="ParticleEffectDef.cpp">
      <Filter>Models\Visuals</Filter>
    </ClCompile>
    <ClCompile Include="ParticleGroup.cpp">
      <Filter>Models\Visuals</Filter>
    </ClCompile>
    <ClCompile Include="r__sector.cpp">
      <Filter>Visibility\Sector/Portal</Filter>
    </ClCompile>
    <ClCompile Include="r__sector_traversal.cpp">
      <Filter>Visibility\Sector/Portal</Filter>
    </ClCompile>
    <ClCompile Include="HOM.cpp">
      <Filter>Visibility\HOM Occlusion</Filter>
    </ClCompile>
    <ClCompile Include="occRasterizer.cpp">
      <Filter>Visibility\HOM Occlusion</Filter>
    </ClCompile>
    <ClCompile Include="occRasterizer_core.cpp">
      <Filter>Visibility\HOM Occlusion</Filter>
    </ClCompile>
    <ClCompile Include="light.cpp">
      <Filter>Lights</Filter>
    </ClCompile>
    <ClCompile Include="Light_DB.cpp">
      <Filter>Lights</Filter>
    </ClCompile>
    <ClCompile Include="Light_Package.cpp">
      <Filter>Lights</Filter>
    </ClCompile>
    <ClCompile Include="LightPPA.cpp">
      <Filter>Lights</Filter>
    </ClCompile>
    <ClCompile Include="LightProjector.cpp">
      <Filter>Lights</Filter>
    </ClCompile>
    <ClCompile Include="LightShadows.cpp">
      <Filter>Lights</Filter>
    </ClCompile>
    <ClCompile Include="LightTrack.cpp">
      <Filter>Lights</Filter>
    </ClCompile>
  </ItemGroup>
  <ItemGroup>
    <Text Include="Pipeline.txt" />
  </ItemGroup>
</Project>